// !$*UTF8*$!
{
	archiveVersion = 1;
	classes = {
	};
	objectVersion = 51;
	objects = {

/* Begin PBXBuildFile section */
		1204A9E9234DE6920063FCA4 /* AppDelegate.swift in Sources */ = {isa = PBXBuildFile; fileRef = 1204A9E8234DE6920063FCA4 /* AppDelegate.swift */; };
		1204A9EB234DE6920063FCA4 /* SceneDelegate.swift in Sources */ = {isa = PBXBuildFile; fileRef = 1204A9EA234DE6920063FCA4 /* SceneDelegate.swift */; };
		1204A9ED234DE6920063FCA4 /* NoteListTableViewController.swift in Sources */ = {isa = PBXBuildFile; fileRef = 1204A9EC234DE6920063FCA4 /* NoteListTableViewController.swift */; };
		1204A9F0234DE6920063FCA4 /* Main.storyboard in Resources */ = {isa = PBXBuildFile; fileRef = 1204A9EE234DE6920063FCA4 /* Main.storyboard */; };
		1204A9F2234DE6930063FCA4 /* Assets.xcassets in Resources */ = {isa = PBXBuildFile; fileRef = 1204A9F1234DE6930063FCA4 /* Assets.xcassets */; };
		1204A9F5234DE6930063FCA4 /* LaunchScreen.storyboard in Resources */ = {isa = PBXBuildFile; fileRef = 1204A9F3234DE6930063FCA4 /* LaunchScreen.storyboard */; };
		1204A9FD234DE9480063FCA4 /* Notes.proto in Sources */ = {isa = PBXBuildFile; fileRef = 1204A9FC234DE9480063FCA4 /* Notes.proto */; };
		1256945C234DF3150020F5C3 /* Notes.grpc.swift in Sources */ = {isa = PBXBuildFile; fileRef = 1256945A234DF3150020F5C3 /* Notes.grpc.swift */; };
		1256945D234DF3150020F5C3 /* Notes.pb.swift in Sources */ = {isa = PBXBuildFile; fileRef = 1256945B234DF3150020F5C3 /* Notes.pb.swift */; };
		1256945F234DF3300020F5C3 /* Service.swift in Sources */ = {isa = PBXBuildFile; fileRef = 1256945E234DF3300020F5C3 /* Service.swift */; };
		12569461234DF57C0020F5C3 /* Note+Extensions.swift in Sources */ = {isa = PBXBuildFile; fileRef = 12569460234DF57C0020F5C3 /* Note+Extensions.swift */; };
		8F51FEBD4DAF3D3A657FD37C /* Pods_grpc_example.framework in Frameworks */ = {isa = PBXBuildFile; fileRef = 33BA3F83D35F6FB6B22172AE /* Pods_grpc_example.framework */; };
/* End PBXBuildFile section */

/* Begin PBXFileReference section */
		1204A9E5234DE6920063FCA4 /* grpc-example.app */ = {isa = PBXFileReference; explicitFileType = wrapper.application; includeInIndex = 0; path = "grpc-example.app"; sourceTree = BUILT_PRODUCTS_DIR; };
		1204A9E8234DE6920063FCA4 /* AppDelegate.swift */ = {isa = PBXFileReference; lastKnownFileType = sourcecode.swift; path = AppDelegate.swift; sourceTree = "<group>"; };
		1204A9EA234DE6920063FCA4 /* SceneDelegate.swift */ = {isa = PBXFileReference; lastKnownFileType = sourcecode.swift; path = SceneDelegate.swift; sourceTree = "<group>"; };
		1204A9EC234DE6920063FCA4 /* NoteListTableViewController.swift */ = {isa = PBXFileReference; lastKnownFileType = sourcecode.swift; path = NoteListTableViewController.swift; sourceTree = "<group>"; };
		1204A9EF234DE6920063FCA4 /* Base */ = {isa = PBXFileReference; lastKnownFileType = file.storyboard; name = Base; path = Base.lproj/Main.storyboard; sourceTree = "<group>"; };
		1204A9F1234DE6930063FCA4 /* Assets.xcassets */ = {isa = PBXFileReference; lastKnownFileType = folder.assetcatalog; path = Assets.xcassets; sourceTree = "<group>"; };
		1204A9F4234DE6930063FCA4 /* Base */ = {isa = PBXFileReference; lastKnownFileType = file.storyboard; name = Base; path = Base.lproj/LaunchScreen.storyboard; sourceTree = "<group>"; };
		1204A9F6234DE6930063FCA4 /* Info.plist */ = {isa = PBXFileReference; lastKnownFileType = text.plist.xml; path = Info.plist; sourceTree = "<group>"; };
		1204A9FC234DE9480063FCA4 /* Notes.proto */ = {isa = PBXFileReference; lastKnownFileType = sourcecode.protobuf; path = Notes.proto; sourceTree = "<group>"; };
		1256945A234DF3150020F5C3 /* Notes.grpc.swift */ = {isa = PBXFileReference; fileEncoding = 4; lastKnownFileType = sourcecode.swift; path = Notes.grpc.swift; sourceTree = "<group>"; };
		1256945B234DF3150020F5C3 /* Notes.pb.swift */ = {isa = PBXFileReference; fileEncoding = 4; lastKnownFileType = sourcecode.swift; path = Notes.pb.swift; sourceTree = "<group>"; };
		1256945E234DF3300020F5C3 /* Service.swift */ = {isa = PBXFileReference; lastKnownFileType = sourcecode.swift; path = Service.swift; sourceTree = "<group>"; };
		12569460234DF57C0020F5C3 /* Note+Extensions.swift */ = {isa = PBXFileReference; lastKnownFileType = sourcecode.swift; path = "Note+Extensions.swift"; sourceTree = "<group>"; };
		33BA3F83D35F6FB6B22172AE /* Pods_grpc_example.framework */ = {isa = PBXFileReference; explicitFileType = wrapper.framework; includeInIndex = 0; path = Pods_grpc_example.framework; sourceTree = BUILT_PRODUCTS_DIR; };
		45DAE5541E7956B22BA3BA03 /* Pods-grpc-example.debug.xcconfig */ = {isa = PBXFileReference; includeInIndex = 1; lastKnownFileType = text.xcconfig; name = "Pods-grpc-example.debug.xcconfig"; path = "Target Support Files/Pods-grpc-example/Pods-grpc-example.debug.xcconfig"; sourceTree = "<group>"; };
		FAC022063393566F559CF442 /* Pods-grpc-example.release.xcconfig */ = {isa = PBXFileReference; includeInIndex = 1; lastKnownFileType = text.xcconfig; name = "Pods-grpc-example.release.xcconfig"; path = "Target Support Files/Pods-grpc-example/Pods-grpc-example.release.xcconfig"; sourceTree = "<group>"; };
/* End PBXFileReference section */

/* Begin PBXFrameworksBuildPhase section */
		1204A9E2234DE6920063FCA4 /* Frameworks */ = {
			isa = PBXFrameworksBuildPhase;
			buildActionMask = 2147483647;
			files = (
				8F51FEBD4DAF3D3A657FD37C /* Pods_grpc_example.framework in Frameworks */,
			);
			runOnlyForDeploymentPostprocessing = 0;
		};
/* End PBXFrameworksBuildPhase section */

/* Begin PBXGroup section */
		1204A9DC234DE6920063FCA4 = {
			isa = PBXGroup;
			children = (
				1204A9E7234DE6920063FCA4 /* grpc-example */,
				1204A9E6234DE6920063FCA4 /* Products */,
				138DE31727C3514AA0C6885C /* Pods */,
				63C31857522F451D4FF8A593 /* Frameworks */,
			);
			sourceTree = "<group>";
		};
		1204A9E6234DE6920063FCA4 /* Products */ = {
			isa = PBXGroup;
			children = (
				1204A9E5234DE6920063FCA4 /* grpc-example.app */,
			);
			name = Products;
			sourceTree = "<group>";
		};
		1204A9E7234DE6920063FCA4 /* grpc-example */ = {
			isa = PBXGroup;
			children = (
				1204A9FC234DE9480063FCA4 /* Notes.proto */,
				1204A9EC234DE6920063FCA4 /* NoteListTableViewController.swift */,
				12569460234DF57C0020F5C3 /* Note+Extensions.swift */,
				1256945A234DF3150020F5C3 /* Notes.grpc.swift */,
				1256945B234DF3150020F5C3 /* Notes.pb.swift */,
				1204A9E8234DE6920063FCA4 /* AppDelegate.swift */,
				1256945E234DF3300020F5C3 /* Service.swift */,
				1204A9EA234DE6920063FCA4 /* SceneDelegate.swift */,
				1204A9EE234DE6920063FCA4 /* Main.storyboard */,
				1204A9F1234DE6930063FCA4 /* Assets.xcassets */,
				1204A9F3234DE6930063FCA4 /* LaunchScreen.storyboard */,
				1204A9F6234DE6930063FCA4 /* Info.plist */,
			);
			path = "grpc-example";
			sourceTree = "<group>";
		};
		138DE31727C3514AA0C6885C /* Pods */ = {
			isa = PBXGroup;
			children = (
				45DAE5541E7956B22BA3BA03 /* Pods-grpc-example.debug.xcconfig */,
				FAC022063393566F559CF442 /* Pods-grpc-example.release.xcconfig */,
			);
			path = Pods;
			sourceTree = "<group>";
		};
		63C31857522F451D4FF8A593 /* Frameworks */ = {
			isa = PBXGroup;
			children = (
				33BA3F83D35F6FB6B22172AE /* Pods_grpc_example.framework */,
			);
			name = Frameworks;
			sourceTree = "<group>";
		};
/* End PBXGroup section */

/* Begin PBXNativeTarget section */
		1204A9E4234DE6920063FCA4 /* grpc-example */ = {
			isa = PBXNativeTarget;
			buildConfigurationList = 1204A9F9234DE6930063FCA4 /* Build configuration list for PBXNativeTarget "grpc-example" */;
			buildPhases = (
				F105F83E1BCD3F0899E9EF26 /* [CP] Check Pods Manifest.lock */,
				1204A9E1234DE6920063FCA4 /* Sources */,
				1204A9E2234DE6920063FCA4 /* Frameworks */,
				1204A9E3234DE6920063FCA4 /* Resources */,
				74CA794BBA0095DA782E2C51 /* [CP] Embed Pods Frameworks */,
			);
			buildRules = (
			);
			dependencies = (
			);
			name = "grpc-example";
			productName = "grpc-example";
			productReference = 1204A9E5234DE6920063FCA4 /* grpc-example.app */;
			productType = "com.apple.product-type.application";
		};
/* End PBXNativeTarget section */

/* Begin PBXProject section */
		1204A9DD234DE6920063FCA4 /* Project object */ = {
			isa = PBXProject;
			attributes = {
				LastSwiftUpdateCheck = 1100;
				LastUpgradeCheck = 1100;
				ORGANIZATIONNAME = Scorp;
				TargetAttributes = {
					1204A9E4234DE6920063FCA4 = {
						CreatedOnToolsVersion = 11.0;
					};
				};
			};
			buildConfigurationList = 1204A9E0234DE6920063FCA4 /* Build configuration list for PBXProject "grpc-example" */;
			compatibilityVersion = "Xcode 9.3";
			developmentRegion = en;
			hasScannedForEncodings = 0;
			knownRegions = (
				en,
				Base,
			);
			mainGroup = 1204A9DC234DE6920063FCA4;
			productRefGroup = 1204A9E6234DE6920063FCA4 /* Products */;
			projectDirPath = "";
			projectRoot = "";
			targets = (
				1204A9E4234DE6920063FCA4 /* grpc-example */,
			);
		};
/* End PBXProject section */

/* Begin PBXResourcesBuildPhase section */
		1204A9E3234DE6920063FCA4 /* Resources */ = {
			isa = PBXResourcesBuildPhase;
			buildActionMask = 2147483647;
			files = (
				1204A9F5234DE6930063FCA4 /* LaunchScreen.storyboard in Resources */,
				1204A9F2234DE6930063FCA4 /* Assets.xcassets in Resources */,
				1204A9F0234DE6920063FCA4 /* Main.storyboard in Resources */,
			);
			runOnlyForDeploymentPostprocessing = 0;
		};
/* End PBXResourcesBuildPhase section */

/* Begin PBXShellScriptBuildPhase section */
		74CA794BBA0095DA782E2C51 /* [CP] Embed Pods Frameworks */ = {
			isa = PBXShellScriptBuildPhase;
			buildActionMask = 2147483647;
			files = (
			);
			inputFileListPaths = (
				"${PODS_ROOT}/Target Support Files/Pods-grpc-example/Pods-grpc-example-frameworks-${CONFIGURATION}-input-files.xcfilelist",
			);
			name = "[CP] Embed Pods Frameworks";
			outputFileListPaths = (
				"${PODS_ROOT}/Target Support Files/Pods-grpc-example/Pods-grpc-example-frameworks-${CONFIGURATION}-output-files.xcfilelist",
			);
			runOnlyForDeploymentPostprocessing = 0;
			shellPath = /bin/sh;
			shellScript = "\"${PODS_ROOT}/Target Support Files/Pods-grpc-example/Pods-grpc-example-frameworks.sh\"\n";
			showEnvVarsInLog = 0;
		};
		F105F83E1BCD3F0899E9EF26 /* [CP] Check Pods Manifest.lock */ = {
			isa = PBXShellScriptBuildPhase;
			buildActionMask = 2147483647;
			files = (
			);
			inputFileListPaths = (
			);
			inputPaths = (
				"${PODS_PODFILE_DIR_PATH}/Podfile.lock",
				"${PODS_ROOT}/Manifest.lock",
			);
			name = "[CP] Check Pods Manifest.lock";
			outputFileListPaths = (
			);
			outputPaths = (
				"$(DERIVED_FILE_DIR)/Pods-grpc-example-checkManifestLockResult.txt",
			);
			runOnlyForDeploymentPostprocessing = 0;
			shellPath = /bin/sh;
			shellScript = "diff \"${PODS_PODFILE_DIR_PATH}/Podfile.lock\" \"${PODS_ROOT}/Manifest.lock\" > /dev/null\nif [ $? != 0 ] ; then\n    # print error to STDERR\n    echo \"error: The sandbox is not in sync with the Podfile.lock. Run 'pod install' or update your CocoaPods installation.\" >&2\n    exit 1\nfi\n# This output is used by Xcode 'outputs' to avoid re-running this script phase.\necho \"SUCCESS\" > \"${SCRIPT_OUTPUT_FILE_0}\"\n";
			showEnvVarsInLog = 0;
		};
/* End PBXShellScriptBuildPhase section */

/* Begin PBXSourcesBuildPhase section */
		1204A9E1234DE6920063FCA4 /* Sources */ = {
			isa = PBXSourcesBuildPhase;
			buildActionMask = 2147483647;
			files = (
				1204A9ED234DE6920063FCA4 /* NoteListTableViewController.swift in Sources */,
				12569461234DF57C0020F5C3 /* Note+Extensions.swift in Sources */,
				1256945F234DF3300020F5C3 /* Service.swift in Sources */,
				1204A9E9234DE6920063FCA4 /* AppDelegate.swift in Sources */,
				1204A9FD234DE9480063FCA4 /* Notes.proto in Sources */,
				1256945C234DF3150020F5C3 /* Notes.grpc.swift in Sources */,
				1256945D234DF3150020F5C3 /* Notes.pb.swift in Sources */,
				1204A9EB234DE6920063FCA4 /* SceneDelegate.swift in Sources */,
			);
			runOnlyForDeploymentPostprocessing = 0;
		};
/* End PBXSourcesBuildPhase section */

/* Begin PBXVariantGroup section */
		1204A9EE234DE6920063FCA4 /* Main.storyboard */ = {
			isa = PBXVariantGroup;
			children = (
				1204A9EF234DE6920063FCA4 /* Base */,
			);
			name = Main.storyboard;
			sourceTree = "<group>";
		};
		1204A9F3234DE6930063FCA4 /* LaunchScreen.storyboard */ = {
			isa = PBXVariantGroup;
			children = (
				1204A9F4234DE6930063FCA4 /* Base */,
			);
			name = LaunchScreen.storyboard;
			sourceTree = "<group>";
		};
/* End PBXVariantGroup section */

/* Begin XCBuildConfiguration section */
		1204A9F7234DE6930063FCA4 /* Debug */ = {
			isa = XCBuildConfiguration;
			buildSettings = {
				ALWAYS_SEARCH_USER_PATHS = NO;
				CLANG_ANALYZER_NONNULL = YES;
				CLANG_ANALYZER_NUMBER_OBJECT_CONVERSION = YES_AGGRESSIVE;
				CLANG_CXX_LANGUAGE_STANDARD = "gnu++14";
				CLANG_CXX_LIBRARY = "libc++";
				CLANG_ENABLE_MODULES = YES;
				CLANG_ENABLE_OBJC_ARC = YES;
				CLANG_ENABLE_OBJC_WEAK = YES;
				CLANG_WARN_BLOCK_CAPTURE_AUTORELEASING = YES;
				CLANG_WARN_BOOL_CONVERSION = YES;
				CLANG_WARN_COMMA = YES;
				CLANG_WARN_CONSTANT_CONVERSION = YES;
				CLANG_WARN_DEPRECATED_OBJC_IMPLEMENTATIONS = YES;
				CLANG_WARN_DIRECT_OBJC_ISA_USAGE = YES_ERROR;
				CLANG_WARN_DOCUMENTATION_COMMENTS = YES;
				CLANG_WARN_EMPTY_BODY = YES;
				CLANG_WARN_ENUM_CONVERSION = YES;
				CLANG_WARN_INFINITE_RECURSION = YES;
				CLANG_WARN_INT_CONVERSION = YES;
				CLANG_WARN_NON_LITERAL_NULL_CONVERSION = YES;
				CLANG_WARN_OBJC_IMPLICIT_RETAIN_SELF = YES;
				CLANG_WARN_OBJC_LITERAL_CONVERSION = YES;
				CLANG_WARN_OBJC_ROOT_CLASS = YES_ERROR;
				CLANG_WARN_RANGE_LOOP_ANALYSIS = YES;
				CLANG_WARN_STRICT_PROTOTYPES = YES;
				CLANG_WARN_SUSPICIOUS_MOVE = YES;
				CLANG_WARN_UNGUARDED_AVAILABILITY = YES_AGGRESSIVE;
				CLANG_WARN_UNREACHABLE_CODE = YES;
				CLANG_WARN__DUPLICATE_METHOD_MATCH = YES;
				COPY_PHASE_STRIP = NO;
				DEBUG_INFORMATION_FORMAT = dwarf;
				ENABLE_STRICT_OBJC_MSGSEND = YES;
				ENABLE_TESTABILITY = YES;
				GCC_C_LANGUAGE_STANDARD = gnu11;
				GCC_DYNAMIC_NO_PIC = NO;
				GCC_NO_COMMON_BLOCKS = YES;
				GCC_OPTIMIZATION_LEVEL = 0;
				GCC_PREPROCESSOR_DEFINITIONS = (
					"DEBUG=1",
					"$(inherited)",
				);
				GCC_WARN_64_TO_32_BIT_CONVERSION = YES;
				GCC_WARN_ABOUT_RETURN_TYPE = YES_ERROR;
				GCC_WARN_UNDECLARED_SELECTOR = YES;
				GCC_WARN_UNINITIALIZED_AUTOS = YES_AGGRESSIVE;
				GCC_WARN_UNUSED_FUNCTION = YES;
				GCC_WARN_UNUSED_VARIABLE = YES;
				IPHONEOS_DEPLOYMENT_TARGET = 13.0;
				MTL_ENABLE_DEBUG_INFO = INCLUDE_SOURCE;
				MTL_FAST_MATH = YES;
				ONLY_ACTIVE_ARCH = YES;
				SDKROOT = iphoneos;
				SWIFT_ACTIVE_COMPILATION_CONDITIONS = DEBUG;
				SWIFT_OPTIMIZATION_LEVEL = "-Onone";
			};
			name = Debug;
		};
		1204A9F8234DE6930063FCA4 /* Release */ = {
			isa = XCBuildConfiguration;
			buildSettings = {
				ALWAYS_SEARCH_USER_PATHS = NO;
				CLANG_ANALYZER_NONNULL = YES;
				CLANG_ANALYZER_NUMBER_OBJECT_CONVERSION = YES_AGGRESSIVE;
				CLANG_CXX_LANGUAGE_STANDARD = "gnu++14";
				CLANG_CXX_LIBRARY = "libc++";
				CLANG_ENABLE_MODULES = YES;
				CLANG_ENABLE_OBJC_ARC = YES;
				CLANG_ENABLE_OBJC_WEAK = YES;
				CLANG_WARN_BLOCK_CAPTURE_AUTORELEASING = YES;
				CLANG_WARN_BOOL_CONVERSION = YES;
				CLANG_WARN_COMMA = YES;
				CLANG_WARN_CONSTANT_CONVERSION = YES;
				CLANG_WARN_DEPRECATED_OBJC_IMPLEMENTATIONS = YES;
				CLANG_WARN_DIRECT_OBJC_ISA_USAGE = YES_ERROR;
				CLANG_WARN_DOCUMENTATION_COMMENTS = YES;
				CLANG_WARN_EMPTY_BODY = YES;
				CLANG_WARN_ENUM_CONVERSION = YES;
				CLANG_WARN_INFINITE_RECURSION = YES;
				CLANG_WARN_INT_CONVERSION = YES;
				CLANG_WARN_NON_LITERAL_NULL_CONVERSION = YES;
				CLANG_WARN_OBJC_IMPLICIT_RETAIN_SELF = YES;
				CLANG_WARN_OBJC_LITERAL_CONVERSION = YES;
				CLANG_WARN_OBJC_ROOT_CLASS = YES_ERROR;
				CLANG_WARN_RANGE_LOOP_ANALYSIS = YES;
				CLANG_WARN_STRICT_PROTOTYPES = YES;
				CLANG_WARN_SUSPICIOUS_MOVE = YES;
				CLANG_WARN_UNGUARDED_AVAILABILITY = YES_AGGRESSIVE;
				CLANG_WARN_UNREACHABLE_CODE = YES;
				CLANG_WARN__DUPLICATE_METHOD_MATCH = YES;
				COPY_PHASE_STRIP = NO;
				DEBUG_INFORMATION_FORMAT = "dwarf-with-dsym";
				ENABLE_NS_ASSERTIONS = NO;
				ENABLE_STRICT_OBJC_MSGSEND = YES;
				GCC_C_LANGUAGE_STANDARD = gnu11;
				GCC_NO_COMMON_BLOCKS = YES;
				GCC_WARN_64_TO_32_BIT_CONVERSION = YES;
				GCC_WARN_ABOUT_RETURN_TYPE = YES_ERROR;
				GCC_WARN_UNDECLARED_SELECTOR = YES;
				GCC_WARN_UNINITIALIZED_AUTOS = YES_AGGRESSIVE;
				GCC_WARN_UNUSED_FUNCTION = YES;
				GCC_WARN_UNUSED_VARIABLE = YES;
				IPHONEOS_DEPLOYMENT_TARGET = 13.0;
				MTL_ENABLE_DEBUG_INFO = NO;
				MTL_FAST_MATH = YES;
				SDKROOT = iphoneos;
				SWIFT_COMPILATION_MODE = wholemodule;
				SWIFT_OPTIMIZATION_LEVEL = "-O";
				VALIDATE_PRODUCT = YES;
			};
			name = Release;
		};
		1204A9FA234DE6930063FCA4 /* Debug */ = {
			isa = XCBuildConfiguration;
			baseConfigurationReference = 45DAE5541E7956B22BA3BA03 /* Pods-grpc-example.debug.xcconfig */;
			buildSettings = {
				ASSETCATALOG_COMPILER_APPICON_NAME = AppIcon;
				CODE_SIGN_STYLE = Automatic;
				DEVELOPMENT_TEAM = Z72KFC34Z8;
				INFOPLIST_FILE = "grpc-example/Info.plist";
				LD_RUNPATH_SEARCH_PATHS = (
					"$(inherited)",
					"@executable_path/Frameworks",
				);
				PRODUCT_BUNDLE_IDENTIFIER = "com.test.grpc-example";
				PRODUCT_NAME = "$(TARGET_NAME)";
				SWIFT_VERSION = 5.0;
				TARGETED_DEVICE_FAMILY = "1,2";
			};
			name = Debug;
		};
		1204A9FB234DE6930063FCA4 /* Release */ = {
			isa = XCBuildConfiguration;
			baseConfigurationReference = FAC022063393566F559CF442 /* Pods-grpc-example.release.xcconfig */;
			buildSettings = {
				ASSETCATALOG_COMPILER_APPICON_NAME = AppIcon;
				CODE_SIGN_STYLE = Automatic;
				DEVELOPMENT_TEAM = Z72KFC34Z8;
				INFOPLIST_FILE = "grpc-example/Info.plist";
				LD_RUNPATH_SEARCH_PATHS = (
					"$(inherited)",
					"@executable_path/Frameworks",
				);
				PRODUCT_BUNDLE_IDENTIFIER = "com.test.grpc-example";
				PRODUCT_NAME = "$(TARGET_NAME)";
				SWIFT_VERSION = 5.0;
				TARGETED_DEVICE_FAMILY = "1,2";
			};
			name = Release;
		};
/* End XCBuildConfiguration section */

/* Begin XCConfigurationList section */
		1204A9E0234DE6920063FCA4 /* Build configuration list for PBXProject "grpc-example" */ = {
			isa = XCConfigurationList;
			buildConfigurations = (
				1204A9F7234DE6930063FCA4 /* Debug */,
				1204A9F8234DE6930063FCA4 /* Release */,
			);
			defaultConfigurationIsVisible = 0;
			defaultConfigurationName = Release;
		};
		1204A9F9234DE6930063FCA4 /* Build configuration list for PBXNativeTarget "grpc-example" */ = {
			isa = XCConfigurationList;
			buildConfigurations = (
				1204A9FA234DE6930063FCA4 /* Debug */,
				1204A9FB234DE6930063FCA4 /* Release */,
			);
			defaultConfigurationIsVisible = 0;
			defaultConfigurationName = Release;
		};
/* End XCConfigurationList section */
	};
	rootObject = 1204A9DD234DE6920063FCA4 /* Project object */;
}
